{
    "name": "ts",
    "version": "1.0.0",
    "lockfileVersion": 3,
    "requires": true,
    "packages": {
        "": {
            "name": "ts",
            "version": "1.0.0",
            "dependencies": {
                "@globexit/webtutor-types": "1.0.35",
                "typescript": "^5.4.5"
            }
        },
        "node_modules/@globexit/webtutor-types": {
            "version": "1.0.35",
            "resolved": "https://registry.npmjs.org/@globexit/webtutor-types/-/webtutor-types-1.0.35.tgz",
            "integrity": "sha512-uPw6F6/VlU2GNPh1qE0XL/0FHFruBylubUI0hW8xjL/7PlBZcBrBMtG8fo0mBnkEz/TjMqrj8R0o6eJjhy5Ruw==",
            "license": "ISC"
        },
        "node_modules/typescript": {
            "version": "5.4.5",
            "resolved": "https://registry.npmjs.org/typescript/-/typescript-5.4.5.tgz",
            "integrity": "sha512-vcI4UpRgg81oIRUFwR0WSIHKt11nJ7SAVlYNIu+QpqeyXP+gpQJy/Z4+F0aGxSE4MqwjyXvW/TzgkLAx2AGHwQ==",
            "bin": {
                "tsc": "bin/tsc",
                "tsserver": "bin/tsserver"
            },
            "engines": {
                "node": ">=14.17"
            }
        }
    }
}
